{
  "name": "genbank-parser",
  "version": "1.0.0",
  "lockfileVersion": 1,
  "requires": true,
  "dependencies": {
    "bson-objectid": {
      "version": "1.2.3",
      "resolved": "https://registry.npmjs.org/bson-objectid/-/bson-objectid-1.2.3.tgz",
      "integrity": "sha512-Q19/ibJQlO1z4UOJTyaEpWmJ+IdPQfvoKRPBy5GADIbByxyxk6lSN5m82KHMmKCygBnvPl7Wd9kLlG5VVCBWQQ=="
    },
    "escape-string-regexp": {
      "version": "1.0.5",
      "resolved": "https://registry.npmjs.org/escape-string-regexp/-/escape-string-regexp-1.0.5.tgz",
      "integrity": "sha1-G2HAViGQqN/2rjuyzwIAyhMLhtQ="
    },
    "lodash": {
      "version": "4.17.10",
      "resolved": "https://registry.npmjs.org/lodash/-/lodash-4.17.10.tgz",
      "integrity": "sha512-UejweD1pDoXu+AD825lWwp4ZGtSwgnpZxb3JDViD7StjQz+Nb/6l093lx4OQ0foGWNRoc19mWy7BzL+UAK2iVg=="
    },
    "randomcolor": {
      "version": "0.4.4",
      "resolved": "https://registry.npmjs.org/randomcolor/-/randomcolor-0.4.4.tgz",
      "integrity": "sha1-X/VoYul7oDvrBBn/BTbsev9Z7us="
    },
    "string-splice": {
      "version": "1.3.0",
      "resolved": "https://registry.npmjs.org/string-splice/-/string-splice-1.3.0.tgz",
      "integrity": "sha1-7xTN38bcQvm1dBMrSPncGElThHo="
    },
    "validate.io-array": {
      "version": "1.0.6",
      "resolved": "https://registry.npmjs.org/validate.io-array/-/validate.io-array-1.0.6.tgz",
      "integrity": "sha1-W1osr9j4uFq7L4hroVPy2Tond00="
    },
    "validate.io-integer": {
      "version": "1.0.5",
      "resolved": "https://registry.npmjs.org/validate.io-integer/-/validate.io-integer-1.0.5.tgz",
      "integrity": "sha1-FoSWSAuVviJH7EQ/IjPeT4mHgGg=",
      "requires": {
        "validate.io-number": "^1.0.3"
      }
    },
    "validate.io-nonnegative-integer": {
      "version": "1.0.0",
      "resolved": "https://registry.npmjs.org/validate.io-nonnegative-integer/-/validate.io-nonnegative-integer-1.0.0.tgz",
      "integrity": "sha1-gGkkOgjF+Y6VQTySnf17GPP28p8=",
      "requires": {
        "validate.io-integer": "^1.0.5"
      }
    },
    "validate.io-nonnegative-integer-array": {
      "version": "1.0.1",
      "resolved": "https://registry.npmjs.org/validate.io-nonnegative-integer-array/-/validate.io-nonnegative-integer-array-1.0.1.tgz",
      "integrity": "sha1-ZjMKZl9VmLlvJfaQgfgfYy6k208=",
      "requires": {
        "validate.io-array": "^1.0.3",
        "validate.io-nonnegative-integer": "^1.0.0"
      }
    },
    "validate.io-number": {
      "version": "1.0.3",
      "resolved": "https://registry.npmjs.org/validate.io-number/-/validate.io-number-1.0.3.tgz",
      "integrity": "sha1-9j/+2iSL8opnqNSODjtGGhZluvg="
    },
    "ve-range-utils": {
      "version": "2.5.0",
      "resolved": "https://registry.npmjs.org/ve-range-utils/-/ve-range-utils-2.5.0.tgz",
      "integrity": "sha512-YIxBlsUPMKTf5dLOdLLPPhfNMJb1QW3hvFoRoqiMpQv9A31erzT9byEiSnvCl+WqbOLYNU+KE6OclaKVCXbeEQ==",
      "requires": {
        "lodash": "^4.17.4",
        "validate.io-nonnegative-integer-array": "^1.0.1"
      }
    },
    "ve-sequence-utils": {
      "version": "3.2.45",
      "resolved": "https://registry.npmjs.org/ve-sequence-utils/-/ve-sequence-utils-3.2.45.tgz",
      "integrity": "sha512-pISQFMEFaT4up8AmdWEdCsLTkEsjYvGFX/BOVk6sswYXlnTMzvacgmYyeg14lvy+lynvo0Oi4kGPZCXA0SFwdw==",
      "requires": {
        "bson-objectid": "^1.1.1",
        "escape-string-regexp": "^1.0.5",
        "randomcolor": "^0.4.3",
        "string-splice": "^1.3.0",
        "validate.io-nonnegative-integer-array": "^1.0.1"
      }
    }
  }
}
